
Microsoft Visual Studio Solution File, Format Version 12.00
# Visual Studio Version 17
VisualStudioVersion = 17.0.31903.59
MinimumVisualStudioVersion = 10.0.40219.1
Project("{2150E333-8FDC-42A3-9474-1A3956D46DE8}") = "src", "src", "{827E0CD3-B72D-47B6-A68D-7590B98EB39B}"
EndProject
Project("{FAE04EC0-301F-11D3-BF4B-00C04F79EFBC}") = "NED.Abstractions", "src\NED.Abstractions\NED.Abstractions.csproj", "{381531AB-3CA3-4CA5-A545-3F8D052E28D9}"
EndProject
Project("{FAE04EC0-301F-11D3-BF4B-00C04F79EFBC}") = "NED.Core", "src\NED.Core\NED.Core.csproj", "{89012C1D-B2F9-4B7F-9934-3C94749702A4}"
EndProject
Project("{FAE04EC0-301F-11D3-BF4B-00C04F79EFBC}") = "NED.Shell.Wpf", "src\NED.Shell.Wpf\NED.Shell.Wpf.csproj", "{2E4F8C9F-7D09-4C63-8126-1AA77B47D801}"
EndProject
Project("{FAE04EC0-301F-11D3-BF4B-00C04F79EFBC}") = "Sandbox", "src\Sandbox\Sandbox.csproj", "{28626E52-9C9B-4D0E-ACA4-A141ACBB61FB}"
EndProject
Project("{2150E333-8FDC-42A3-9474-1A3956D46DE8}") = "tests", "tests", "{0AB3BF05-4346-4AA6-1389-037BE0695223}"
EndProject
Project("{FAE04EC0-301F-11D3-BF4B-00C04F79EFBC}") = "NED.Core.Tests", "tests\NED.Core.Tests\NED.Core.Tests.csproj", "{5BFF5583-563E-4A5F-BB80-F300D198BCE5}"
EndProject
Project("{FAE04EC0-301F-11D3-BF4B-00C04F79EFBC}") = "NED.Manifest.Generator", "src\NED.Manifest.Generator\NED.Manifest.Generator.csproj", "{90FA2A85-E3E0-4BC7-9665-1407B3D8122D}"
EndProject
Global
	GlobalSection(SolutionConfigurationPlatforms) = preSolution
		Debug|Any CPU = Debug|Any CPU
		Debug|x64 = Debug|x64
		Debug|x86 = Debug|x86
		Release|Any CPU = Release|Any CPU
		Release|x64 = Release|x64
		Release|x86 = Release|x86
	EndGlobalSection
	GlobalSection(ProjectConfigurationPlatforms) = postSolution
		{381531AB-3CA3-4CA5-A545-3F8D052E28D9}.Debug|Any CPU.ActiveCfg = Debug|Any CPU
		{381531AB-3CA3-4CA5-A545-3F8D052E28D9}.Debug|Any CPU.Build.0 = Debug|Any CPU
		{381531AB-3CA3-4CA5-A545-3F8D052E28D9}.Debug|x64.ActiveCfg = Debug|Any CPU
		{381531AB-3CA3-4CA5-A545-3F8D052E28D9}.Debug|x64.Build.0 = Debug|Any CPU
		{381531AB-3CA3-4CA5-A545-3F8D052E28D9}.Debug|x86.ActiveCfg = Debug|Any CPU
		{381531AB-3CA3-4CA5-A545-3F8D052E28D9}.Debug|x86.Build.0 = Debug|Any CPU
		{381531AB-3CA3-4CA5-A545-3F8D052E28D9}.Release|Any CPU.ActiveCfg = Release|Any CPU
		{381531AB-3CA3-4CA5-A545-3F8D052E28D9}.Release|Any CPU.Build.0 = Release|Any CPU
		{381531AB-3CA3-4CA5-A545-3F8D052E28D9}.Release|x64.ActiveCfg = Release|Any CPU
		{381531AB-3CA3-4CA5-A545-3F8D052E28D9}.Release|x64.Build.0 = Release|Any CPU
		{381531AB-3CA3-4CA5-A545-3F8D052E28D9}.Release|x86.ActiveCfg = Release|Any CPU
		{381531AB-3CA3-4CA5-A545-3F8D052E28D9}.Release|x86.Build.0 = Release|Any CPU
		{89012C1D-B2F9-4B7F-9934-3C94749702A4}.Debug|Any CPU.ActiveCfg = Debug|Any CPU
		{89012C1D-B2F9-4B7F-9934-3C94749702A4}.Debug|Any CPU.Build.0 = Debug|Any CPU
		{89012C1D-B2F9-4B7F-9934-3C94749702A4}.Debug|x64.ActiveCfg = Debug|Any CPU
		{89012C1D-B2F9-4B7F-9934-3C94749702A4}.Debug|x64.Build.0 = Debug|Any CPU
		{89012C1D-B2F9-4B7F-9934-3C94749702A4}.Debug|x86.ActiveCfg = Debug|Any CPU
		{89012C1D-B2F9-4B7F-9934-3C94749702A4}.Debug|x86.Build.0 = Debug|Any CPU
		{89012C1D-B2F9-4B7F-9934-3C94749702A4}.Release|Any CPU.ActiveCfg = Release|Any CPU
		{89012C1D-B2F9-4B7F-9934-3C94749702A4}.Release|Any CPU.Build.0 = Release|Any CPU
		{89012C1D-B2F9-4B7F-9934-3C94749702A4}.Release|x64.ActiveCfg = Release|Any CPU
		{89012C1D-B2F9-4B7F-9934-3C94749702A4}.Release|x64.Build.0 = Release|Any CPU
		{89012C1D-B2F9-4B7F-9934-3C94749702A4}.Release|x86.ActiveCfg = Release|Any CPU
		{89012C1D-B2F9-4B7F-9934-3C94749702A4}.Release|x86.Build.0 = Release|Any CPU
		{2E4F8C9F-7D09-4C63-8126-1AA77B47D801}.Debug|Any CPU.ActiveCfg = Debug|Any CPU
		{2E4F8C9F-7D09-4C63-8126-1AA77B47D801}.Debug|Any CPU.Build.0 = Debug|Any CPU
		{2E4F8C9F-7D09-4C63-8126-1AA77B47D801}.Debug|x64.ActiveCfg = Debug|Any CPU
		{2E4F8C9F-7D09-4C63-8126-1AA77B47D801}.Debug|x64.Build.0 = Debug|Any CPU
		{2E4F8C9F-7D09-4C63-8126-1AA77B47D801}.Debug|x86.ActiveCfg = Debug|Any CPU
		{2E4F8C9F-7D09-4C63-8126-1AA77B47D801}.Debug|x86.Build.0 = Debug|Any CPU
		{2E4F8C9F-7D09-4C63-8126-1AA77B47D801}.Release|Any CPU.ActiveCfg = Release|Any CPU
		{2E4F8C9F-7D09-4C63-8126-1AA77B47D801}.Release|Any CPU.Build.0 = Release|Any CPU
		{2E4F8C9F-7D09-4C63-8126-1AA77B47D801}.Release|x64.ActiveCfg = Release|Any CPU
		{2E4F8C9F-7D09-4C63-8126-1AA77B47D801}.Release|x64.Build.0 = Release|Any CPU
		{2E4F8C9F-7D09-4C63-8126-1AA77B47D801}.Release|x86.ActiveCfg = Release|Any CPU
		{2E4F8C9F-7D09-4C63-8126-1AA77B47D801}.Release|x86.Build.0 = Release|Any CPU
		{28626E52-9C9B-4D0E-ACA4-A141ACBB61FB}.Debug|Any CPU.ActiveCfg = Debug|Any CPU
		{28626E52-9C9B-4D0E-ACA4-A141ACBB61FB}.Debug|Any CPU.Build.0 = Debug|Any CPU
		{28626E52-9C9B-4D0E-ACA4-A141ACBB61FB}.Debug|x64.ActiveCfg = Debug|Any CPU
		{28626E52-9C9B-4D0E-ACA4-A141ACBB61FB}.Debug|x64.Build.0 = Debug|Any CPU
		{28626E52-9C9B-4D0E-ACA4-A141ACBB61FB}.Debug|x86.ActiveCfg = Debug|Any CPU
		{28626E52-9C9B-4D0E-ACA4-A141ACBB61FB}.Debug|x86.Build.0 = Debug|Any CPU
		{28626E52-9C9B-4D0E-ACA4-A141ACBB61FB}.Release|Any CPU.ActiveCfg = Release|Any CPU
		{28626E52-9C9B-4D0E-ACA4-A141ACBB61FB}.Release|Any CPU.Build.0 = Release|Any CPU
		{28626E52-9C9B-4D0E-ACA4-A141ACBB61FB}.Release|x64.ActiveCfg = Release|Any CPU
		{28626E52-9C9B-4D0E-ACA4-A141ACBB61FB}.Release|x64.Build.0 = Release|Any CPU
		{28626E52-9C9B-4D0E-ACA4-A141ACBB61FB}.Release|x86.ActiveCfg = Release|Any CPU
		{28626E52-9C9B-4D0E-ACA4-A141ACBB61FB}.Release|x86.Build.0 = Release|Any CPU
		{5BFF5583-563E-4A5F-BB80-F300D198BCE5}.Debug|Any CPU.ActiveCfg = Debug|Any CPU
		{5BFF5583-563E-4A5F-BB80-F300D198BCE5}.Debug|Any CPU.Build.0 = Debug|Any CPU
		{5BFF5583-563E-4A5F-BB80-F300D198BCE5}.Debug|x64.ActiveCfg = Debug|Any CPU
		{5BFF5583-563E-4A5F-BB80-F300D198BCE5}.Debug|x64.Build.0 = Debug|Any CPU
		{5BFF5583-563E-4A5F-BB80-F300D198BCE5}.Debug|x86.ActiveCfg = Debug|Any CPU
		{5BFF5583-563E-4A5F-BB80-F300D198BCE5}.Debug|x86.Build.0 = Debug|Any CPU
		{5BFF5583-563E-4A5F-BB80-F300D198BCE5}.Release|Any CPU.ActiveCfg = Release|Any CPU
		{5BFF5583-563E-4A5F-BB80-F300D198BCE5}.Release|Any CPU.Build.0 = Release|Any CPU
		{5BFF5583-563E-4A5F-BB80-F300D198BCE5}.Release|x64.ActiveCfg = Release|Any CPU
		{5BFF5583-563E-4A5F-BB80-F300D198BCE5}.Release|x64.Build.0 = Release|Any CPU
		{5BFF5583-563E-4A5F-BB80-F300D198BCE5}.Release|x86.ActiveCfg = Release|Any CPU
		{5BFF5583-563E-4A5F-BB80-F300D198BCE5}.Release|x86.Build.0 = Release|Any CPU
		{90FA2A85-E3E0-4BC7-9665-1407B3D8122D}.Debug|Any CPU.ActiveCfg = Debug|Any CPU
		{90FA2A85-E3E0-4BC7-9665-1407B3D8122D}.Debug|Any CPU.Build.0 = Debug|Any CPU
		{90FA2A85-E3E0-4BC7-9665-1407B3D8122D}.Debug|x64.ActiveCfg = Debug|Any CPU
		{90FA2A85-E3E0-4BC7-9665-1407B3D8122D}.Debug|x64.Build.0 = Debug|Any CPU
		{90FA2A85-E3E0-4BC7-9665-1407B3D8122D}.Debug|x86.ActiveCfg = Debug|Any CPU
		{90FA2A85-E3E0-4BC7-9665-1407B3D8122D}.Debug|x86.Build.0 = Debug|Any CPU
		{90FA2A85-E3E0-4BC7-9665-1407B3D8122D}.Release|Any CPU.ActiveCfg = Release|Any CPU
		{90FA2A85-E3E0-4BC7-9665-1407B3D8122D}.Release|Any CPU.Build.0 = Release|Any CPU
		{90FA2A85-E3E0-4BC7-9665-1407B3D8122D}.Release|x64.ActiveCfg = Release|Any CPU
		{90FA2A85-E3E0-4BC7-9665-1407B3D8122D}.Release|x64.Build.0 = Release|Any CPU
		{90FA2A85-E3E0-4BC7-9665-1407B3D8122D}.Release|x86.ActiveCfg = Release|Any CPU
		{90FA2A85-E3E0-4BC7-9665-1407B3D8122D}.Release|x86.Build.0 = Release|Any CPU
	EndGlobalSection
	GlobalSection(SolutionProperties) = preSolution
		HideSolutionNode = FALSE
	EndGlobalSection
	GlobalSection(NestedProjects) = preSolution
		{381531AB-3CA3-4CA5-A545-3F8D052E28D9} = {827E0CD3-B72D-47B6-A68D-7590B98EB39B}
		{89012C1D-B2F9-4B7F-9934-3C94749702A4} = {827E0CD3-B72D-47B6-A68D-7590B98EB39B}
		{2E4F8C9F-7D09-4C63-8126-1AA77B47D801} = {827E0CD3-B72D-47B6-A68D-7590B98EB39B}
		{28626E52-9C9B-4D0E-ACA4-A141ACBB61FB} = {827E0CD3-B72D-47B6-A68D-7590B98EB39B}
		{5BFF5583-563E-4A5F-BB80-F300D198BCE5} = {0AB3BF05-4346-4AA6-1389-037BE0695223}
		{90FA2A85-E3E0-4BC7-9665-1407B3D8122D} = {827E0CD3-B72D-47B6-A68D-7590B98EB39B}
	EndGlobalSection
EndGlobal
